// !$*UTF8*$!
{
	archiveVersion = 1;
	classes = {
	};
	objectVersion = 46;
	objects = {

/* Begin PBXBuildFile section */
		830FB26B1E5E162800C11637 /* AppDelegate.swift in Sources */ = {isa = PBXBuildFile; fileRef = 830FB26A1E5E162800C11637 /* AppDelegate.swift */; };
		830FB26D1E5E162800C11637 /* CreepyCalculatorVC.swift in Sources */ = {isa = PBXBuildFile; fileRef = 830FB26C1E5E162800C11637 /* CreepyCalculatorVC.swift */; };
		830FB2701E5E162800C11637 /* Main.storyboard in Resources */ = {isa = PBXBuildFile; fileRef = 830FB26E1E5E162800C11637 /* Main.storyboard */; };
		830FB2721E5E162900C11637 /* Assets.xcassets in Resources */ = {isa = PBXBuildFile; fileRef = 830FB2711E5E162900C11637 /* Assets.xcassets */; };
		830FB2751E5E162900C11637 /* LaunchScreen.storyboard in Resources */ = {isa = PBXBuildFile; fileRef = 830FB2731E5E162900C11637 /* LaunchScreen.storyboard */; };
		830FB27D1E5E3DAF00C11637 /* btn.wav in Resources */ = {isa = PBXBuildFile; fileRef = 830FB27C1E5E3DAF00C11637 /* btn.wav */; };
		830FB27F1E5E3DD600C11637 /* Minecraft.ttf in Resources */ = {isa = PBXBuildFile; fileRef = 830FB27E1E5E3DD600C11637 /* Minecraft.ttf */; };
/* End PBXBuildFile section */

/* Begin PBXFileReference section */
		830FB2671E5E162800C11637 /* CreepyCalculator.app */ = {isa = PBXFileReference; explicitFileType = wrapper.application; includeInIndex = 0; path = CreepyCalculator.app; sourceTree = BUILT_PRODUCTS_DIR; };
		830FB26A1E5E162800C11637 /* AppDelegate.swift */ = {isa = PBXFileReference; lastKnownFileType = sourcecode.swift; path = AppDelegate.swift; sourceTree = "<group>"; };
		830FB26C1E5E162800C11637 /* CreepyCalculatorVC.swift */ = {isa = PBXFileReference; lastKnownFileType = sourcecode.swift; path = CreepyCalculatorVC.swift; sourceTree = "<group>"; };
		830FB26F1E5E162800C11637 /* Base */ = {isa = PBXFileReference; lastKnownFileType = file.storyboard; name = Base; path = Base.lproj/Main.storyboard; sourceTree = "<group>"; };
		830FB2711E5E162900C11637 /* Assets.xcassets */ = {isa = PBXFileReference; lastKnownFileType = folder.assetcatalog; path = Assets.xcassets; sourceTree = "<group>"; };
		830FB2741E5E162900C11637 /* Base */ = {isa = PBXFileReference; lastKnownFileType = file.storyboard; name = Base; path = Base.lproj/LaunchScreen.storyboard; sourceTree = "<group>"; };
		830FB2761E5E162900C11637 /* Info.plist */ = {isa = PBXFileReference; lastKnownFileType = text.plist.xml; path = Info.plist; sourceTree = "<group>"; };
		830FB27C1E5E3DAF00C11637 /* btn.wav */ = {isa = PBXFileReference; lastKnownFileType = audio.wav; path = btn.wav; sourceTree = "<group>"; };
		830FB27E1E5E3DD600C11637 /* Minecraft.ttf */ = {isa = PBXFileReference; lastKnownFileType = file; path = Minecraft.ttf; sourceTree = "<group>"; };
/* End PBXFileReference section */

/* Begin PBXFrameworksBuildPhase section */
		830FB2641E5E162800C11637 /* Frameworks */ = {
			isa = PBXFrameworksBuildPhase;
			buildActionMask = 2147483647;
			files = (
			);
			runOnlyForDeploymentPostprocessing = 0;
		};
/* End PBXFrameworksBuildPhase section */

/* Begin PBXGroup section */
		830FB25E1E5E162800C11637 = {
			isa = PBXGroup;
			children = (
				830FB2691E5E162800C11637 /* CreepyCalculator */,
				830FB2681E5E162800C11637 /* Products */,
			);
			sourceTree = "<group>";
		};
		830FB2681E5E162800C11637 /* Products */ = {
			isa = PBXGroup;
			children = (
				830FB2671E5E162800C11637 /* CreepyCalculator.app */,
			);
			name = Products;
			sourceTree = "<group>";
		};
		830FB2691E5E162800C11637 /* CreepyCalculator */ = {
			isa = PBXGroup;
			children = (
				830FB26A1E5E162800C11637 /* AppDelegate.swift */,
				830FB26C1E5E162800C11637 /* CreepyCalculatorVC.swift */,
				830FB26E1E5E162800C11637 /* Main.storyboard */,
				830FB2711E5E162900C11637 /* Assets.xcassets */,
				830FB2731E5E162900C11637 /* LaunchScreen.storyboard */,
				830FB2761E5E162900C11637 /* Info.plist */,
				830FB27E1E5E3DD600C11637 /* Minecraft.ttf */,
				830FB27C1E5E3DAF00C11637 /* btn.wav */,
			);
			path = CreepyCalculator;
			sourceTree = "<group>";
		};
/* End PBXGroup section */

/* Begin PBXNativeTarget section */
		830FB2661E5E162800C11637 /* CreepyCalculator */ = {
			isa = PBXNativeTarget;
			buildConfigurationList = 830FB2791E5E162900C11637 /* Build configuration list for PBXNativeTarget "CreepyCalculator" */;
			buildPhases = (
				830FB2631E5E162800C11637 /* Sources */,
				830FB2641E5E162800C11637 /* Frameworks */,
				830FB2651E5E162800C11637 /* Resources */,
			);
			buildRules = (
			);
			dependencies = (
			);
			name = CreepyCalculator;
			productName = CreepyCalculator;
			productReference = 830FB2671E5E162800C11637 /* CreepyCalculator.app */;
			productType = "com.apple.product-type.application";
		};
/* End PBXNativeTarget section */

/* Begin PBXProject section */
		830FB25F1E5E162800C11637 /* Project object */ = {
			isa = PBXProject;
			attributes = {
				LastSwiftUpdateCheck = 0820;
				LastUpgradeCheck = 0820;
				ORGANIZATIONNAME = Danil;
				TargetAttributes = {
					830FB2661E5E162800C11637 = {
						CreatedOnToolsVersion = 8.2;
						DevelopmentTeam = UN4HT84AGH;
						ProvisioningStyle = Automatic;
					};
				};
			};
			buildConfigurationList = 830FB2621E5E162800C11637 /* Build configuration list for PBXProject "CreepyCalculator" */;
			compatibilityVersion = "Xcode 3.2";
			developmentRegion = English;
			hasScannedForEncodings = 0;
			knownRegions = (
				en,
				Base,
			);
			mainGroup = 830FB25E1E5E162800C11637;
			productRefGroup = 830FB2681E5E162800C11637 /* Products */;
			projectDirPath = "";
			projectRoot = "";
			targets = (
				830FB2661E5E162800C11637 /* CreepyCalculator */,
			);
		};
/* End PBXProject section */

/* Begin PBXResourcesBuildPhase section */
		830FB2651E5E162800C11637 /* Resources */ = {
			isa = PBXResourcesBuildPhase;
			buildActionMask = 2147483647;
			files = (
				830FB2751E5E162900C11637 /* LaunchScreen.storyboard in Resources */,
				830FB2721E5E162900C11637 /* Assets.xcassets in Resources */,
				830FB27F1E5E3DD600C11637 /* Minecraft.ttf in Resources */,
				830FB2701E5E162800C11637 /* Main.storyboard in Resources */,
				830FB27D1E5E3DAF00C11637 /* btn.wav in Resources */,
			);
			runOnlyForDeploymentPostprocessing = 0;
		};
/* End PBXResourcesBuildPhase section */

/* Begin PBXSourcesBuildPhase section */
		830FB2631E5E162800C11637 /* Sources */ = {
			isa = PBXSourcesBuildPhase;
			buildActionMask = 2147483647;
			files = (
				830FB26D1E5E162800C11637 /* CreepyCalculatorVC.swift in Sources */,
				830FB26B1E5E162800C11637 /* AppDelegate.swift in Sources */,
			);
			runOnlyForDeploymentPostprocessing = 0;
		};
/* End PBXSourcesBuildPhase section */

/* Begin PBXVariantGroup section */
		830FB26E1E5E162800C11637 /* Main.storyboard */ = {
			isa = PBXVariantGroup;
			children = (
				830FB26F1E5E162800C11637 /* Base */,
			);
			name = Main.storyboard;
			sourceTree = "<group>";
		};
		830FB2731E5E162900C11637 /* LaunchScreen.storyboard */ = {
			isa = PBXVariantGroup;
			children = (
				830FB2741E5E162900C11637 /* Base */,
			);
			name = LaunchScreen.storyboard;
			sourceTree = "<group>";
		};
/* End PBXVariantGroup section */

/* Begin XCBuildConfiguration section */
		830FB2771E5E162900C11637 /* Debug */ = {
			isa = XCBuildConfiguration;
			buildSettings = {
				ALWAYS_SEARCH_USER_PATHS = NO;
				CLANG_ANALYZER_NONNULL = YES;
				CLANG_CXX_LANGUAGE_STANDARD = "gnu++0x";
				CLANG_CXX_LIBRARY = "libc++";
				CLANG_ENABLE_MODULES = YES;
				CLANG_ENABLE_OBJC_ARC = YES;
				CLANG_WARN_BOOL_CONVERSION = YES;
				CLANG_WARN_CONSTANT_CONVERSION = YES;
				CLANG_WARN_DIRECT_OBJC_ISA_USAGE = YES_ERROR;
				CLANG_WARN_DOCUMENTATION_COMMENTS = YES;
				CLANG_WARN_EMPTY_BODY = YES;
				CLANG_WARN_ENUM_CONVERSION = YES;
				CLANG_WARN_INFINITE_RECURSION = YES;
				CLANG_WARN_INT_CONVERSION = YES;
				CLANG_WARN_OBJC_ROOT_CLASS = YES_ERROR;
				CLANG_WARN_SUSPICIOUS_MOVE = YES;
				CLANG_WARN_UNREACHABLE_CODE = YES;
				CLANG_WARN__DUPLICATE_METHOD_MATCH = YES;
				"CODE_SIGN_IDENTITY[sdk=iphoneos*]" = "iPhone Developer";
				COPY_PHASE_STRIP = NO;
				DEBUG_INFORMATION_FORMAT = dwarf;
				ENABLE_STRICT_OBJC_MSGSEND = YES;
				ENABLE_TESTABILITY = YES;
				GCC_C_LANGUAGE_STANDARD = gnu99;
				GCC_DYNAMIC_NO_PIC = NO;
				GCC_NO_COMMON_BLOCKS = YES;
				GCC_OPTIMIZATION_LEVEL = 0;
				GCC_PREPROCESSOR_DEFINITIONS = (
					"DEBUG=1",
					"$(inherited)",
				);
				GCC_WARN_64_TO_32_BIT_CONVERSION = YES;
				GCC_WARN_ABOUT_RETURN_TYPE = YES_ERROR;
				GCC_WARN_UNDECLARED_SELECTOR = YES;
				GCC_WARN_UNINITIALIZED_AUTOS = YES_AGGRESSIVE;
				GCC_WARN_UNUSED_FUNCTION = YES;
				GCC_WARN_UNUSED_VARIABLE = YES;
				IPHONEOS_DEPLOYMENT_TARGET = 10.2;
				MTL_ENABLE_DEBUG_INFO = YES;
				ONLY_ACTIVE_ARCH = YES;
				SDKROOT = iphoneos;
				SWIFT_ACTIVE_COMPILATION_CONDITIONS = DEBUG;
				SWIFT_OPTIMIZATION_LEVEL = "-Onone";
			};
			name = Debug;
		};
		830FB2781E5E162900C11637 /* Release */ = {
			isa = XCBuildConfiguration;
			buildSettings = {
				ALWAYS_SEARCH_USER_PATHS = NO;
				CLANG_ANALYZER_NONNULL = YES;
				CLANG_CXX_LANGUAGE_STANDARD = "gnu++0x";
				CLANG_CXX_LIBRARY = "libc++";
				CLANG_ENABLE_MODULES = YES;
				CLANG_ENABLE_OBJC_ARC = YES;
				CLANG_WARN_BOOL_CONVERSION = YES;
				CLANG_WARN_CONSTANT_CONVERSION = YES;
				CLANG_WARN_DIRECT_OBJC_ISA_USAGE = YES_ERROR;
				CLANG_WARN_DOCUMENTATION_COMMENTS = YES;
				CLANG_WARN_EMPTY_BODY = YES;
				CLANG_WARN_ENUM_CONVERSION = YES;
				CLANG_WARN_INFINITE_RECURSION = YES;
				CLANG_WARN_INT_CONVERSION = YES;
				CLANG_WARN_OBJC_ROOT_CLASS = YES_ERROR;
				CLANG_WARN_SUSPICIOUS_MOVE = YES;
				CLANG_WARN_UNREACHABLE_CODE = YES;
				CLANG_WARN__DUPLICATE_METHOD_MATCH = YES;
				"CODE_SIGN_IDENTITY[sdk=iphoneos*]" = "iPhone Developer";
				COPY_PHASE_STRIP = NO;
				DEBUG_INFORMATION_FORMAT = "dwarf-with-dsym";
				ENABLE_NS_ASSERTIONS = NO;
				ENABLE_STRICT_OBJC_MSGSEND = YES;
				GCC_C_LANGUAGE_STANDARD = gnu99;
				GCC_NO_COMMON_BLOCKS = YES;
				GCC_WARN_64_TO_32_BIT_CONVERSION = YES;
				GCC_WARN_ABOUT_RETURN_TYPE = YES_ERROR;
				GCC_WARN_UNDECLARED_SELECTOR = YES;
				GCC_WARN_UNINITIALIZED_AUTOS = YES_AGGRESSIVE;
				GCC_WARN_UNUSED_FUNCTION = YES;
				GCC_WARN_UNUSED_VARIABLE = YES;
				IPHONEOS_DEPLOYMENT_TARGET = 10.2;
				MTL_ENABLE_DEBUG_INFO = NO;
				SDKROOT = iphoneos;
				SWIFT_OPTIMIZATION_LEVEL = "-Owholemodule";
				VALIDATE_PRODUCT = YES;
			};
			name = Release;
		};
		830FB27A1E5E162900C11637 /* Debug */ = {
			isa = XCBuildConfiguration;
			buildSettings = {
				ASSETCATALOG_COMPILER_APPICON_NAME = AppIcon;
				DEVELOPMENT_TEAM = UN4HT84AGH;
				INFOPLIST_FILE = CreepyCalculator/Info.plist;
				IPHONEOS_DEPLOYMENT_TARGET = 9.3;
				LD_RUNPATH_SEARCH_PATHS = "$(inherited) @executable_path/Frameworks";
				PRODUCT_BUNDLE_IDENTIFIER = CCR.CreepyCalculator;
				PRODUCT_NAME = "$(TARGET_NAME)";
				SWIFT_VERSION = 3.0;
			};
			name = Debug;
		};
		830FB27B1E5E162900C11637 /* Release */ = {
			isa = XCBuildConfiguration;
			buildSettings = {
				ASSETCATALOG_COMPILER_APPICON_NAME = AppIcon;
				DEVELOPMENT_TEAM = UN4HT84AGH;
				INFOPLIST_FILE = CreepyCalculator/Info.plist;
				IPHONEOS_DEPLOYMENT_TARGET = 9.3;
				LD_RUNPATH_SEARCH_PATHS = "$(inherited) @executable_path/Frameworks";
				PRODUCT_BUNDLE_IDENTIFIER = CCR.CreepyCalculator;
				PRODUCT_NAME = "$(TARGET_NAME)";
				SWIFT_VERSION = 3.0;
			};
			name = Release;
		};
/* End XCBuildConfiguration section */

/* Begin XCConfigurationList section */
		830FB2621E5E162800C11637 /* Build configuration list for PBXProject "CreepyCalculator" */ = {
			isa = XCConfigurationList;
			buildConfigurations = (
				830FB2771E5E162900C11637 /* Debug */,
				830FB2781E5E162900C11637 /* Release */,
			);
			defaultConfigurationIsVisible = 0;
			defaultConfigurationName = Release;
		};
		830FB2791E5E162900C11637 /* Build configuration list for PBXNativeTarget "CreepyCalculator" */ = {
			isa = XCConfigurationList;
			buildConfigurations = (
				830FB27A1E5E162900C11637 /* Debug */,
				830FB27B1E5E162900C11637 /* Release */,
			);
			defaultConfigurationIsVisible = 0;
		};
/* End XCConfigurationList section */
	};
	rootObject = 830FB25F1E5E162800C11637 /* Project object */;
}
